
Microsoft Visual Studio Solution File, Format Version 12.00
# Visual Studio Version 17
VisualStudioVersion = 17.5.33414.496
MinimumVisualStudioVersion = 10.0.40219.1
Project("{FAE04EC0-301F-11D3-BF4B-00C04F79EFBC}") = "VolumeControl", "VolumeControl\VolumeControl.csproj", "{643AB993-4353-4B9E-B7CA-5A7DB25C67FE}"
EndProject
Global
	GlobalSection(SolutionConfigurationPlatforms) = preSolution
		Debug|Any CPU = Debug|Any CPU
		Release|Any CPU = Release|Any CPU
	EndGlobalSection
	GlobalSection(ProjectConfigurationPlatforms) = postSolution
		{643AB993-4353-4B9E-B7CA-5A7DB25C67FE}.Debug|Any CPU.ActiveCfg = Debug|Any CPU
		{643AB993-4353-4B9E-B7CA-5A7DB25C67FE}.Debug|Any CPU.Build.0 = Debug|Any CPU
		{643AB993-4353-4B9E-B7CA-5A7DB25C67FE}.Release|Any CPU.ActiveCfg = Release|Any CPU
		{643AB993-4353-4B9E-B7CA-5A7DB25C67FE}.Release|Any CPU.Build.0 = Release|Any CPU
	EndGlobalSection
	GlobalSection(SolutionProperties) = preSolution
		HideSolutionNode = FALSE
	EndGlobalSection
	GlobalSection(ExtensibilityGlobals) = postSolution
		SolutionGuid = {76FD8DC2-A93C-4973-9E60-0D4BA483128E}
	EndGlobalSection
EndGlobal
